PODS:
  - JobsGlobleDef (1.0.3):
    - JobsGlobleDef/MacroDef (= 1.0.3)
    - JobsGlobleDef/NotificationManager (= 1.0.3)
    - JobsGlobleDef/OtherGlobleDef (= 1.0.3)
  - JobsGlobleDef/MacroDef (1.0.3)
  - JobsGlobleDef/NotificationManager (1.0.3)
  - JobsGlobleDef/OtherGlobleDef (1.0.3)

DEPENDENCIES:
  - JobsGlobleDef

SPEC REPOS:
  https://github.com/CocoaPods/Specs.git:
    - JobsGlobleDef

SPEC CHECKSUMS:
  JobsGlobleDef: e5535d8984e021692515cb694f5f68d86636430e

PODFILE CHECKSUM: 189f2d304c5b650cb6473e9fd721e8511a9e3d2a

COCOAPODS: 1.10.2
